
Microsoft Visual Studio Solution File, Format Version 12.00
# Visual Studio Version 17
VisualStudioVersion = 17.8.34322.80
MinimumVisualStudioVersion = 10.0.40219.1
Project("{9A19103F-16F7-4668-BE54-9A1E7A4F7556}") = "NesAsm.Emulator", "NesAsm.Emulator\NesAsm.Emulator.csproj", "{211658F4-879A-472B-8F9B-8EB84F68E760}"
EndProject
Project("{9A19103F-16F7-4668-BE54-9A1E7A4F7556}") = "NesAsm.Emulator.Tests", "NesAsm.Emulator.Tests\NesAsm.Emulator.Tests.csproj", "{ECA266E1-65CA-4FC1-979D-B52FD3437ED1}"
EndProject
Project("{2150E333-8FDC-42A3-9474-1A3956D46DE8}") = "Solution Items", "Solution Items", "{B064C6F5-BC24-4A62-8C05-31484C7607F3}"
	ProjectSection(SolutionItems) = preProject
		.editorconfig = .editorconfig
		README.md = README.md
	EndProjectSection
EndProject
Project("{9A19103F-16F7-4668-BE54-9A1E7A4F7556}") = "NesAsm.Analyzers", "NesAsm.Analyzers\NesAsm.Analyzers.csproj", "{F85DF064-F8C9-4348-9F13-A4FEB9BEEBA2}"
EndProject
Project("{9A19103F-16F7-4668-BE54-9A1E7A4F7556}") = "NesAsm.Example", "NesAsm.Example\NesAsm.Example.csproj", "{01546A9C-F633-4DE0-A8A0-58061DAB3DB7}"
EndProject
Project("{9A19103F-16F7-4668-BE54-9A1E7A4F7556}") = "NesAsm.Analyzers.Tests", "NesAsm.Analyzers.Tests\NesAsm.Analyzers.Tests.csproj", "{112D3A20-E897-4356-9814-B1C605063B04}"
EndProject
Project("{9A19103F-16F7-4668-BE54-9A1E7A4F7556}") = "NesAsm.Example.Tests", "NesAsm.Example.Tests\NesAsm.Example.Tests.csproj", "{400D8547-E3BC-4688-A495-803B1215BF10}"
EndProject
Project("{9A19103F-16F7-4668-BE54-9A1E7A4F7556}") = "NesAsm.Benchmark", "NesAsm.Benchmark\NesAsm.Benchmark.csproj", "{8C3EBDB0-5C3F-4E56-BBA6-807D56FAE230}"
EndProject
Project("{9A19103F-16F7-4668-BE54-9A1E7A4F7556}") = "NesAsm.UI", "NesAsm.UI\NesAsm.UI.csproj", "{9767B04E-8EBE-4D82-B977-22AE85B28DE4}"
EndProject
Project("{FAE04EC0-301F-11D3-BF4B-00C04F79EFBC}") = "NesAsm.Utilities", "NesAsm.Utilities\NesAsm.Utilities.csproj", "{95836849-1A54-447B-9094-7D482CC4E518}"
EndProject
Global
	GlobalSection(SolutionConfigurationPlatforms) = preSolution
		Debug|Any CPU = Debug|Any CPU
		Release|Any CPU = Release|Any CPU
	EndGlobalSection
	GlobalSection(ProjectConfigurationPlatforms) = postSolution
		{211658F4-879A-472B-8F9B-8EB84F68E760}.Debug|Any CPU.ActiveCfg = Debug|Any CPU
		{211658F4-879A-472B-8F9B-8EB84F68E760}.Debug|Any CPU.Build.0 = Debug|Any CPU
		{211658F4-879A-472B-8F9B-8EB84F68E760}.Release|Any CPU.ActiveCfg = Release|Any CPU
		{211658F4-879A-472B-8F9B-8EB84F68E760}.Release|Any CPU.Build.0 = Release|Any CPU
		{ECA266E1-65CA-4FC1-979D-B52FD3437ED1}.Debug|Any CPU.ActiveCfg = Debug|Any CPU
		{ECA266E1-65CA-4FC1-979D-B52FD3437ED1}.Debug|Any CPU.Build.0 = Debug|Any CPU
		{ECA266E1-65CA-4FC1-979D-B52FD3437ED1}.Release|Any CPU.ActiveCfg = Release|Any CPU
		{ECA266E1-65CA-4FC1-979D-B52FD3437ED1}.Release|Any CPU.Build.0 = Release|Any CPU
		{F85DF064-F8C9-4348-9F13-A4FEB9BEEBA2}.Debug|Any CPU.ActiveCfg = Debug|Any CPU
		{F85DF064-F8C9-4348-9F13-A4FEB9BEEBA2}.Debug|Any CPU.Build.0 = Debug|Any CPU
		{F85DF064-F8C9-4348-9F13-A4FEB9BEEBA2}.Release|Any CPU.ActiveCfg = Release|Any CPU
		{F85DF064-F8C9-4348-9F13-A4FEB9BEEBA2}.Release|Any CPU.Build.0 = Release|Any CPU
		{01546A9C-F633-4DE0-A8A0-58061DAB3DB7}.Debug|Any CPU.ActiveCfg = Debug|Any CPU
		{01546A9C-F633-4DE0-A8A0-58061DAB3DB7}.Debug|Any CPU.Build.0 = Debug|Any CPU
		{01546A9C-F633-4DE0-A8A0-58061DAB3DB7}.Release|Any CPU.ActiveCfg = Release|Any CPU
		{01546A9C-F633-4DE0-A8A0-58061DAB3DB7}.Release|Any CPU.Build.0 = Release|Any CPU
		{112D3A20-E897-4356-9814-B1C605063B04}.Debug|Any CPU.ActiveCfg = Debug|Any CPU
		{112D3A20-E897-4356-9814-B1C605063B04}.Debug|Any CPU.Build.0 = Debug|Any CPU
		{112D3A20-E897-4356-9814-B1C605063B04}.Release|Any CPU.ActiveCfg = Release|Any CPU
		{112D3A20-E897-4356-9814-B1C605063B04}.Release|Any CPU.Build.0 = Release|Any CPU
		{400D8547-E3BC-4688-A495-803B1215BF10}.Debug|Any CPU.ActiveCfg = Debug|Any CPU
		{400D8547-E3BC-4688-A495-803B1215BF10}.Debug|Any CPU.Build.0 = Debug|Any CPU
		{400D8547-E3BC-4688-A495-803B1215BF10}.Release|Any CPU.ActiveCfg = Release|Any CPU
		{400D8547-E3BC-4688-A495-803B1215BF10}.Release|Any CPU.Build.0 = Release|Any CPU
		{8C3EBDB0-5C3F-4E56-BBA6-807D56FAE230}.Debug|Any CPU.ActiveCfg = Debug|Any CPU
		{8C3EBDB0-5C3F-4E56-BBA6-807D56FAE230}.Debug|Any CPU.Build.0 = Debug|Any CPU
		{8C3EBDB0-5C3F-4E56-BBA6-807D56FAE230}.Release|Any CPU.ActiveCfg = Release|Any CPU
		{8C3EBDB0-5C3F-4E56-BBA6-807D56FAE230}.Release|Any CPU.Build.0 = Release|Any CPU
		{9767B04E-8EBE-4D82-B977-22AE85B28DE4}.Debug|Any CPU.ActiveCfg = Debug|Any CPU
		{9767B04E-8EBE-4D82-B977-22AE85B28DE4}.Debug|Any CPU.Build.0 = Debug|Any CPU
		{9767B04E-8EBE-4D82-B977-22AE85B28DE4}.Release|Any CPU.ActiveCfg = Release|Any CPU
		{9767B04E-8EBE-4D82-B977-22AE85B28DE4}.Release|Any CPU.Build.0 = Release|Any CPU
		{95836849-1A54-447B-9094-7D482CC4E518}.Debug|Any CPU.ActiveCfg = Debug|Any CPU
		{95836849-1A54-447B-9094-7D482CC4E518}.Debug|Any CPU.Build.0 = Debug|Any CPU
		{95836849-1A54-447B-9094-7D482CC4E518}.Release|Any CPU.ActiveCfg = Release|Any CPU
		{95836849-1A54-447B-9094-7D482CC4E518}.Release|Any CPU.Build.0 = Release|Any CPU
	EndGlobalSection
	GlobalSection(SolutionProperties) = preSolution
		HideSolutionNode = FALSE
	EndGlobalSection
	GlobalSection(ExtensibilityGlobals) = postSolution
		SolutionGuid = {8FEA5DB5-536D-484D-8608-496686771FAB}
	EndGlobalSection
EndGlobal
